// !$*UTF8*$!
{
	archiveVersion = 1;
	classes = {
	};
	objectVersion = 46;
	objects = {

/* Begin PBXBuildFile section */
		68B544D41ADDED8700B97B90 /* AppDelegate.swift in Sources */ = {isa = PBXBuildFile; fileRef = 68B544D31ADDED8700B97B90 /* AppDelegate.swift */; };
		68B544D61ADDED8700B97B90 /* ViewController.swift in Sources */ = {isa = PBXBuildFile; fileRef = 68B544D51ADDED8700B97B90 /* ViewController.swift */; };
		68B544D91ADDED8700B97B90 /* Main.storyboard in Resources */ = {isa = PBXBuildFile; fileRef = 68B544D71ADDED8700B97B90 /* Main.storyboard */; };
		68B544DB1ADDED8700B97B90 /* Images.xcassets in Resources */ = {isa = PBXBuildFile; fileRef = 68B544DA1ADDED8700B97B90 /* Images.xcassets */; };
		68B544DE1ADDED8700B97B90 /* LaunchScreen.xib in Resources */ = {isa = PBXBuildFile; fileRef = 68B544DC1ADDED8700B97B90 /* LaunchScreen.xib */; };
		68B544EA1ADDED8700B97B90 /* MazourTests.swift in Sources */ = {isa = PBXBuildFile; fileRef = 68B544E91ADDED8700B97B90 /* MazourTests.swift */; };
		68B544F41ADDF59400B97B90 /* libz.dylib in Frameworks */ = {isa = PBXBuildFile; fileRef = 68B544F31ADDF59400B97B90 /* libz.dylib */; };
		68B544F61ADDF78100B97B90 /* Gimbal.framework in Frameworks */ = {isa = PBXBuildFile; fileRef = 68B544F51ADDF78100B97B90 /* Gimbal.framework */; settings = {ATTRIBUTES = (Required, ); }; };
		68B544F71ADDF8AB00B97B90 /* Info.plist in Resources */ = {isa = PBXBuildFile; fileRef = 68B544D21ADDED8700B97B90 /* Info.plist */; };
/* End PBXBuildFile section */

/* Begin PBXContainerItemProxy section */
		68B544E41ADDED8700B97B90 /* PBXContainerItemProxy */ = {
			isa = PBXContainerItemProxy;
			containerPortal = 68B544C61ADDED8600B97B90 /* Project object */;
			proxyType = 1;
			remoteGlobalIDString = 68B544CD1ADDED8600B97B90;
			remoteInfo = Mazour;
		};
/* End PBXContainerItemProxy section */

/* Begin PBXFileReference section */
		68B544CE1ADDED8600B97B90 /* Mazour.app */ = {isa = PBXFileReference; explicitFileType = wrapper.application; includeInIndex = 0; path = Mazour.app; sourceTree = BUILT_PRODUCTS_DIR; };
		68B544D21ADDED8700B97B90 /* Info.plist */ = {isa = PBXFileReference; lastKnownFileType = text.plist.xml; path = Info.plist; sourceTree = "<group>"; };
		68B544D31ADDED8700B97B90 /* AppDelegate.swift */ = {isa = PBXFileReference; lastKnownFileType = sourcecode.swift; path = AppDelegate.swift; sourceTree = "<group>"; };
		68B544D51ADDED8700B97B90 /* ViewController.swift */ = {isa = PBXFileReference; lastKnownFileType = sourcecode.swift; path = ViewController.swift; sourceTree = "<group>"; };
		68B544D81ADDED8700B97B90 /* Base */ = {isa = PBXFileReference; lastKnownFileType = file.storyboard; name = Base; path = Base.lproj/Main.storyboard; sourceTree = "<group>"; };
		68B544DA1ADDED8700B97B90 /* Images.xcassets */ = {isa = PBXFileReference; lastKnownFileType = folder.assetcatalog; path = Images.xcassets; sourceTree = "<group>"; };
		68B544DD1ADDED8700B97B90 /* Base */ = {isa = PBXFileReference; lastKnownFileType = file.xib; name = Base; path = Base.lproj/LaunchScreen.xib; sourceTree = "<group>"; };
		68B544E31ADDED8700B97B90 /* MazourTests.xctest */ = {isa = PBXFileReference; explicitFileType = wrapper.cfbundle; includeInIndex = 0; path = MazourTests.xctest; sourceTree = BUILT_PRODUCTS_DIR; };
		68B544E81ADDED8700B97B90 /* Info.plist */ = {isa = PBXFileReference; lastKnownFileType = text.plist.xml; path = Info.plist; sourceTree = "<group>"; };
		68B544E91ADDED8700B97B90 /* MazourTests.swift */ = {isa = PBXFileReference; lastKnownFileType = sourcecode.swift; path = MazourTests.swift; sourceTree = "<group>"; };
		68B544F31ADDF59400B97B90 /* libz.dylib */ = {isa = PBXFileReference; lastKnownFileType = "compiled.mach-o.dylib"; name = libz.dylib; path = usr/lib/libz.dylib; sourceTree = SDKROOT; };
		68B544F51ADDF78100B97B90 /* Gimbal.framework */ = {isa = PBXFileReference; lastKnownFileType = wrapper.framework; name = Gimbal.framework; path = ../../Downloads/gimbalsdk_2.11.2_ios/Frameworks/Gimbal.framework; sourceTree = "<group>"; };
		68B544F81ADDF8CB00B97B90 /* Header.h */ = {isa = PBXFileReference; fileEncoding = 4; lastKnownFileType = sourcecode.c.h; path = Header.h; sourceTree = "<group>"; };
/* End PBXFileReference section */

/* Begin PBXFrameworksBuildPhase section */
		68B544CB1ADDED8600B97B90 /* Frameworks */ = {
			isa = PBXFrameworksBuildPhase;
			buildActionMask = 2147483647;
			files = (
				68B544F61ADDF78100B97B90 /* Gimbal.framework in Frameworks */,
				68B544F41ADDF59400B97B90 /* libz.dylib in Frameworks */,
			);
			runOnlyForDeploymentPostprocessing = 0;
		};
		68B544E01ADDED8700B97B90 /* Frameworks */ = {
			isa = PBXFrameworksBuildPhase;
			buildActionMask = 2147483647;
			files = (
			);
			runOnlyForDeploymentPostprocessing = 0;
		};
/* End PBXFrameworksBuildPhase section */

/* Begin PBXGroup section */
		68B544C51ADDED8600B97B90 = {
			isa = PBXGroup;
			children = (
				68B544F51ADDF78100B97B90 /* Gimbal.framework */,
				68B544F31ADDF59400B97B90 /* libz.dylib */,
				68B544D01ADDED8600B97B90 /* Mazour */,
				68B544E61ADDED8700B97B90 /* MazourTests */,
				68B544CF1ADDED8600B97B90 /* Products */,
			);
			sourceTree = "<group>";
		};
		68B544CF1ADDED8600B97B90 /* Products */ = {
			isa = PBXGroup;
			children = (
				68B544CE1ADDED8600B97B90 /* Mazour.app */,
				68B544E31ADDED8700B97B90 /* MazourTests.xctest */,
			);
			name = Products;
			sourceTree = "<group>";
		};
		68B544D01ADDED8600B97B90 /* Mazour */ = {
			isa = PBXGroup;
			children = (
				68B544D31ADDED8700B97B90 /* AppDelegate.swift */,
				68B544D51ADDED8700B97B90 /* ViewController.swift */,
				68B544D71ADDED8700B97B90 /* Main.storyboard */,
				68B544DA1ADDED8700B97B90 /* Images.xcassets */,
				68B544DC1ADDED8700B97B90 /* LaunchScreen.xib */,
				68B544D11ADDED8700B97B90 /* Supporting Files */,
			);
			path = Mazour;
			sourceTree = "<group>";
		};
		68B544D11ADDED8700B97B90 /* Supporting Files */ = {
			isa = PBXGroup;
			children = (
				68B544D21ADDED8700B97B90 /* Info.plist */,
				68B544F81ADDF8CB00B97B90 /* Header.h */,
			);
			name = "Supporting Files";
			sourceTree = "<group>";
		};
		68B544E61ADDED8700B97B90 /* MazourTests */ = {
			isa = PBXGroup;
			children = (
				68B544E91ADDED8700B97B90 /* MazourTests.swift */,
				68B544E71ADDED8700B97B90 /* Supporting Files */,
			);
			path = MazourTests;
			sourceTree = "<group>";
		};
		68B544E71ADDED8700B97B90 /* Supporting Files */ = {
			isa = PBXGroup;
			children = (
				68B544E81ADDED8700B97B90 /* Info.plist */,
			);
			name = "Supporting Files";
			sourceTree = "<group>";
		};
/* End PBXGroup section */

/* Begin PBXNativeTarget section */
		68B544CD1ADDED8600B97B90 /* Mazour */ = {
			isa = PBXNativeTarget;
			buildConfigurationList = 68B544ED1ADDED8700B97B90 /* Build configuration list for PBXNativeTarget "Mazour" */;
			buildPhases = (
				68B544CA1ADDED8600B97B90 /* Sources */,
				68B544CB1ADDED8600B97B90 /* Frameworks */,
				68B544CC1ADDED8600B97B90 /* Resources */,
			);
			buildRules = (
			);
			dependencies = (
			);
			name = Mazour;
			productName = Mazour;
			productReference = 68B544CE1ADDED8600B97B90 /* Mazour.app */;
			productType = "com.apple.product-type.application";
		};
		68B544E21ADDED8700B97B90 /* MazourTests */ = {
			isa = PBXNativeTarget;
			buildConfigurationList = 68B544F01ADDED8700B97B90 /* Build configuration list for PBXNativeTarget "MazourTests" */;
			buildPhases = (
				68B544DF1ADDED8700B97B90 /* Sources */,
				68B544E01ADDED8700B97B90 /* Frameworks */,
				68B544E11ADDED8700B97B90 /* Resources */,
			);
			buildRules = (
			);
			dependencies = (
				68B544E51ADDED8700B97B90 /* PBXTargetDependency */,
			);
			name = MazourTests;
			productName = MazourTests;
			productReference = 68B544E31ADDED8700B97B90 /* MazourTests.xctest */;
			productType = "com.apple.product-type.bundle.unit-test";
		};
/* End PBXNativeTarget section */

/* Begin PBXProject section */
		68B544C61ADDED8600B97B90 /* Project object */ = {
			isa = PBXProject;
			attributes = {
				LastUpgradeCheck = 0610;
				ORGANIZATIONNAME = wustl;
				TargetAttributes = {
					68B544CD1ADDED8600B97B90 = {
						CreatedOnToolsVersion = 6.1.1;
					};
					68B544E21ADDED8700B97B90 = {
						CreatedOnToolsVersion = 6.1.1;
						TestTargetID = 68B544CD1ADDED8600B97B90;
					};
				};
			};
			buildConfigurationList = 68B544C91ADDED8600B97B90 /* Build configuration list for PBXProject "Mazour" */;
			compatibilityVersion = "Xcode 3.2";
			developmentRegion = English;
			hasScannedForEncodings = 0;
			knownRegions = (
				en,
				Base,
			);
			mainGroup = 68B544C51ADDED8600B97B90;
			productRefGroup = 68B544CF1ADDED8600B97B90 /* Products */;
			projectDirPath = "";
			projectRoot = "";
			targets = (
				68B544CD1ADDED8600B97B90 /* Mazour */,
				68B544E21ADDED8700B97B90 /* MazourTests */,
			);
		};
/* End PBXProject section */

/* Begin PBXResourcesBuildPhase section */
		68B544CC1ADDED8600B97B90 /* Resources */ = {
			isa = PBXResourcesBuildPhase;
			buildActionMask = 2147483647;
			files = (
				68B544F71ADDF8AB00B97B90 /* Info.plist in Resources */,
				68B544D91ADDED8700B97B90 /* Main.storyboard in Resources */,
				68B544DE1ADDED8700B97B90 /* LaunchScreen.xib in Resources */,
				68B544DB1ADDED8700B97B90 /* Images.xcassets in Resources */,
			);
			runOnlyForDeploymentPostprocessing = 0;
		};
		68B544E11ADDED8700B97B90 /* Resources */ = {
			isa = PBXResourcesBuildPhase;
			buildActionMask = 2147483647;
			files = (
			);
			runOnlyForDeploymentPostprocessing = 0;
		};
/* End PBXResourcesBuildPhase section */

/* Begin PBXSourcesBuildPhase section */
		68B544CA1ADDED8600B97B90 /* Sources */ = {
			isa = PBXSourcesBuildPhase;
			buildActionMask = 2147483647;
			files = (
				68B544D61ADDED8700B97B90 /* ViewController.swift in Sources */,
				68B544D41ADDED8700B97B90 /* AppDelegate.swift in Sources */,
			);
			runOnlyForDeploymentPostprocessing = 0;
		};
		68B544DF1ADDED8700B97B90 /* Sources */ = {
			isa = PBXSourcesBuildPhase;
			buildActionMask = 2147483647;
			files = (
				68B544EA1ADDED8700B97B90 /* MazourTests.swift in Sources */,
			);
			runOnlyForDeploymentPostprocessing = 0;
		};
/* End PBXSourcesBuildPhase section */

/* Begin PBXTargetDependency section */
		68B544E51ADDED8700B97B90 /* PBXTargetDependency */ = {
			isa = PBXTargetDependency;
			target = 68B544CD1ADDED8600B97B90 /* Mazour */;
			targetProxy = 68B544E41ADDED8700B97B90 /* PBXContainerItemProxy */;
		};
/* End PBXTargetDependency section */

/* Begin PBXVariantGroup section */
		68B544D71ADDED8700B97B90 /* Main.storyboard */ = {
			isa = PBXVariantGroup;
			children = (
				68B544D81ADDED8700B97B90 /* Base */,
			);
			name = Main.storyboard;
			sourceTree = "<group>";
		};
		68B544DC1ADDED8700B97B90 /* LaunchScreen.xib */ = {
			isa = PBXVariantGroup;
			children = (
				68B544DD1ADDED8700B97B90 /* Base */,
			);
			name = LaunchScreen.xib;
			sourceTree = "<group>";
		};
/* End PBXVariantGroup section */

/* Begin XCBuildConfiguration section */
		68B544EB1ADDED8700B97B90 /* Debug */ = {
			isa = XCBuildConfiguration;
			buildSettings = {
				ALWAYS_SEARCH_USER_PATHS = NO;
				CLANG_CXX_LANGUAGE_STANDARD = "gnu++0x";
				CLANG_CXX_LIBRARY = "libc++";
				CLANG_ENABLE_MODULES = YES;
				CLANG_ENABLE_OBJC_ARC = YES;
				CLANG_WARN_BOOL_CONVERSION = YES;
				CLANG_WARN_CONSTANT_CONVERSION = YES;
				CLANG_WARN_DIRECT_OBJC_ISA_USAGE = YES_ERROR;
				CLANG_WARN_EMPTY_BODY = YES;
				CLANG_WARN_ENUM_CONVERSION = YES;
				CLANG_WARN_INT_CONVERSION = YES;
				CLANG_WARN_OBJC_ROOT_CLASS = YES_ERROR;
				CLANG_WARN_UNREACHABLE_CODE = YES;
				CLANG_WARN__DUPLICATE_METHOD_MATCH = YES;
				"CODE_SIGN_IDENTITY[sdk=iphoneos*]" = "iPhone Developer";
				COPY_PHASE_STRIP = NO;
				ENABLE_STRICT_OBJC_MSGSEND = YES;
				GCC_C_LANGUAGE_STANDARD = gnu99;
				GCC_DYNAMIC_NO_PIC = NO;
				GCC_OPTIMIZATION_LEVEL = 0;
				GCC_PREPROCESSOR_DEFINITIONS = (
					"DEBUG=1",
					"$(inherited)",
				);
				GCC_SYMBOLS_PRIVATE_EXTERN = NO;
				GCC_WARN_64_TO_32_BIT_CONVERSION = YES;
				GCC_WARN_ABOUT_RETURN_TYPE = YES_ERROR;
				GCC_WARN_UNDECLARED_SELECTOR = YES;
				GCC_WARN_UNINITIALIZED_AUTOS = YES_AGGRESSIVE;
				GCC_WARN_UNUSED_FUNCTION = YES;
				GCC_WARN_UNUSED_VARIABLE = YES;
				IPHONEOS_DEPLOYMENT_TARGET = 8.1;
				MTL_ENABLE_DEBUG_INFO = YES;
				ONLY_ACTIVE_ARCH = YES;
				SDKROOT = iphoneos;
				SWIFT_OPTIMIZATION_LEVEL = "-Onone";
				TARGETED_DEVICE_FAMILY = "1,2";
			};
			name = Debug;
		};
		68B544EC1ADDED8700B97B90 /* Release */ = {
			isa = XCBuildConfiguration;
			buildSettings = {
				ALWAYS_SEARCH_USER_PATHS = NO;
				CLANG_CXX_LANGUAGE_STANDARD = "gnu++0x";
				CLANG_CXX_LIBRARY = "libc++";
				CLANG_ENABLE_MODULES = YES;
				CLANG_ENABLE_OBJC_ARC = YES;
				CLANG_WARN_BOOL_CONVERSION = YES;
				CLANG_WARN_CONSTANT_CONVERSION = YES;
				CLANG_WARN_DIRECT_OBJC_ISA_USAGE = YES_ERROR;
				CLANG_WARN_EMPTY_BODY = YES;
				CLANG_WARN_ENUM_CONVERSION = YES;
				CLANG_WARN_INT_CONVERSION = YES;
				CLANG_WARN_OBJC_ROOT_CLASS = YES_ERROR;
				CLANG_WARN_UNREACHABLE_CODE = YES;
				CLANG_WARN__DUPLICATE_METHOD_MATCH = YES;
				"CODE_SIGN_IDENTITY[sdk=iphoneos*]" = "iPhone Developer";
				COPY_PHASE_STRIP = YES;
				ENABLE_NS_ASSERTIONS = NO;
				ENABLE_STRICT_OBJC_MSGSEND = YES;
				GCC_C_LANGUAGE_STANDARD = gnu99;
				GCC_WARN_64_TO_32_BIT_CONVERSION = YES;
				GCC_WARN_ABOUT_RETURN_TYPE = YES_ERROR;
				GCC_WARN_UNDECLARED_SELECTOR = YES;
				GCC_WARN_UNINITIALIZED_AUTOS = YES_AGGRESSIVE;
				GCC_WARN_UNUSED_FUNCTION = YES;
				GCC_WARN_UNUSED_VARIABLE = YES;
				IPHONEOS_DEPLOYMENT_TARGET = 8.1;
				MTL_ENABLE_DEBUG_INFO = NO;
				SDKROOT = iphoneos;
				TARGETED_DEVICE_FAMILY = "1,2";
				VALIDATE_PRODUCT = YES;
			};
			name = Release;
		};
		68B544EE1ADDED8700B97B90 /* Debug */ = {
			isa = XCBuildConfiguration;
			buildSettings = {
				ASSETCATALOG_COMPILER_APPICON_NAME = AppIcon;
				DEFINES_MODULE = YES;
				FRAMEWORK_SEARCH_PATHS = (
					"$(inherited)",
					/Users/Labuser/Downloads/gimbalsdk_2.11.2_ios/Frameworks,
				);
				INFOPLIST_FILE = Mazour/Info.plist;
				LD_RUNPATH_SEARCH_PATHS = "$(inherited) @executable_path/Frameworks";
				PRODUCT_NAME = "$(TARGET_NAME)";
				SWIFT_OBJC_BRIDGING_HEADER = Mazour/Header.h;
			};
			name = Debug;
		};
		68B544EF1ADDED8700B97B90 /* Release */ = {
			isa = XCBuildConfiguration;
			buildSettings = {
				ASSETCATALOG_COMPILER_APPICON_NAME = AppIcon;
				DEFINES_MODULE = YES;
				FRAMEWORK_SEARCH_PATHS = (
					"$(inherited)",
					/Users/Labuser/Downloads/gimbalsdk_2.11.2_ios/Frameworks,
				);
				INFOPLIST_FILE = Mazour/Info.plist;
				LD_RUNPATH_SEARCH_PATHS = "$(inherited) @executable_path/Frameworks";
				PRODUCT_NAME = "$(TARGET_NAME)";
				SWIFT_OBJC_BRIDGING_HEADER = Mazour/Header.h;
			};
			name = Release;
		};
		68B544F11ADDED8700B97B90 /* Debug */ = {
			isa = XCBuildConfiguration;
			buildSettings = {
				BUNDLE_LOADER = "$(TEST_HOST)";
				FRAMEWORK_SEARCH_PATHS = (
					"$(SDKROOT)/Developer/Library/Frameworks",
					"$(inherited)",
				);
				GCC_PREPROCESSOR_DEFINITIONS = (
					"DEBUG=1",
					"$(inherited)",
				);
				INFOPLIST_FILE = MazourTests/Info.plist;
				LD_RUNPATH_SEARCH_PATHS = "$(inherited) @executable_path/Frameworks @loader_path/Frameworks";
				PRODUCT_NAME = "$(TARGET_NAME)";
				TEST_HOST = "$(BUILT_PRODUCTS_DIR)/Mazour.app/Mazour";
			};
			name = Debug;
		};
		68B544F21ADDED8700B97B90 /* Release */ = {
			isa = XCBuildConfiguration;
			buildSettings = {
				BUNDLE_LOADER = "$(TEST_HOST)";
				FRAMEWORK_SEARCH_PATHS = (
					"$(SDKROOT)/Developer/Library/Frameworks",
					"$(inherited)",
				);
				INFOPLIST_FILE = MazourTests/Info.plist;
				LD_RUNPATH_SEARCH_PATHS = "$(inherited) @executable_path/Frameworks @loader_path/Frameworks";
				PRODUCT_NAME = "$(TARGET_NAME)";
				TEST_HOST = "$(BUILT_PRODUCTS_DIR)/Mazour.app/Mazour";
			};
			name = Release;
		};
/* End XCBuildConfiguration section */

/* Begin XCConfigurationList section */
		68B544C91ADDED8600B97B90 /* Build configuration list for PBXProject "Mazour" */ = {
			isa = XCConfigurationList;
			buildConfigurations = (
				68B544EB1ADDED8700B97B90 /* Debug */,
				68B544EC1ADDED8700B97B90 /* Release */,
			);
			defaultConfigurationIsVisible = 0;
			defaultConfigurationName = Release;
		};
		68B544ED1ADDED8700B97B90 /* Build configuration list for PBXNativeTarget "Mazour" */ = {
			isa = XCConfigurationList;
			buildConfigurations = (
				68B544EE1ADDED8700B97B90 /* Debug */,
				68B544EF1ADDED8700B97B90 /* Release */,
			);
			defaultConfigurationIsVisible = 0;
		};
		68B544F01ADDED8700B97B90 /* Build configuration list for PBXNativeTarget "MazourTests" */ = {
			isa = XCConfigurationList;
			buildConfigurations = (
				68B544F11ADDED8700B97B90 /* Debug */,
				68B544F21ADDED8700B97B90 /* Release */,
			);
			defaultConfigurationIsVisible = 0;
		};
/* End XCConfigurationList section */
	};
	rootObject = 68B544C61ADDED8600B97B90 /* Project object */;
}
